// !$*UTF8*$!
{
	archiveVersion = 1;
	classes = {
	};
	objectVersion = 46;
	objects = {

/* Begin PBXBuildFile section */
		A3FBB2DD1C4450DD00F4D915 /* main.m in Sources */ = {isa = PBXBuildFile; fileRef = A3FBB2DC1C4450DD00F4D915 /* main.m */; };
		A3FBB2E01C4450DD00F4D915 /* AppDelegate.m in Sources */ = {isa = PBXBuildFile; fileRef = A3FBB2DF1C4450DD00F4D915 /* AppDelegate.m */; };
		A3FBB2E31C4450DD00F4D915 /* ViewController.m in Sources */ = {isa = PBXBuildFile; fileRef = A3FBB2E21C4450DD00F4D915 /* ViewController.m */; };
		A3FBB2E61C4450DD00F4D915 /* Main.storyboard in Resources */ = {isa = PBXBuildFile; fileRef = A3FBB2E41C4450DD00F4D915 /* Main.storyboard */; };
		A3FBB2E81C4450DD00F4D915 /* Assets.xcassets in Resources */ = {isa = PBXBuildFile; fileRef = A3FBB2E71C4450DD00F4D915 /* Assets.xcassets */; };
		A3FBB2EB1C4450DD00F4D915 /* LaunchScreen.storyboard in Resources */ = {isa = PBXBuildFile; fileRef = A3FBB2E91C4450DD00F4D915 /* LaunchScreen.storyboard */; };
		A3FBB2F41C4451C500F4D915 /* NameViewController.m in Sources */ = {isa = PBXBuildFile; fileRef = A3FBB2F31C4451C500F4D915 /* NameViewController.m */; };
		A3FBB2F71C4454F700F4D915 /* EnterAdjectiveViewController.m in Sources */ = {isa = PBXBuildFile; fileRef = A3FBB2F61C4454F700F4D915 /* EnterAdjectiveViewController.m */; };
		A3FBB2FA1C4457AD00F4D915 /* ResultsViewController.m in Sources */ = {isa = PBXBuildFile; fileRef = A3FBB2F91C4457AD00F4D915 /* ResultsViewController.m */; };
		DF11E0521C44966200417298 /* VerbViewController.m in Sources */ = {isa = PBXBuildFile; fileRef = DF11E0511C44966200417298 /* VerbViewController.m */; };
		DF11E0551C44969500417298 /* AdverbViewController.m in Sources */ = {isa = PBXBuildFile; fileRef = DF11E0541C44969500417298 /* AdverbViewController.m */; };
/* End PBXBuildFile section */

/* Begin PBXFileReference section */
		A3FBB2D81C4450DD00F4D915 /* MadLibsApp.app */ = {isa = PBXFileReference; explicitFileType = wrapper.application; includeInIndex = 0; path = MadLibsApp.app; sourceTree = BUILT_PRODUCTS_DIR; };
		A3FBB2DC1C4450DD00F4D915 /* main.m */ = {isa = PBXFileReference; lastKnownFileType = sourcecode.c.objc; path = main.m; sourceTree = "<group>"; };
		A3FBB2DE1C4450DD00F4D915 /* AppDelegate.h */ = {isa = PBXFileReference; lastKnownFileType = sourcecode.c.h; path = AppDelegate.h; sourceTree = "<group>"; };
		A3FBB2DF1C4450DD00F4D915 /* AppDelegate.m */ = {isa = PBXFileReference; lastKnownFileType = sourcecode.c.objc; path = AppDelegate.m; sourceTree = "<group>"; };
		A3FBB2E11C4450DD00F4D915 /* ViewController.h */ = {isa = PBXFileReference; lastKnownFileType = sourcecode.c.h; path = ViewController.h; sourceTree = "<group>"; };
		A3FBB2E21C4450DD00F4D915 /* ViewController.m */ = {isa = PBXFileReference; lastKnownFileType = sourcecode.c.objc; path = ViewController.m; sourceTree = "<group>"; };
		A3FBB2E51C4450DD00F4D915 /* Base */ = {isa = PBXFileReference; lastKnownFileType = file.storyboard; name = Base; path = Base.lproj/Main.storyboard; sourceTree = "<group>"; };
		A3FBB2E71C4450DD00F4D915 /* Assets.xcassets */ = {isa = PBXFileReference; lastKnownFileType = folder.assetcatalog; path = Assets.xcassets; sourceTree = "<group>"; };
		A3FBB2EA1C4450DD00F4D915 /* Base */ = {isa = PBXFileReference; lastKnownFileType = file.storyboard; name = Base; path = Base.lproj/LaunchScreen.storyboard; sourceTree = "<group>"; };
		A3FBB2EC1C4450DD00F4D915 /* Info.plist */ = {isa = PBXFileReference; lastKnownFileType = text.plist.xml; path = Info.plist; sourceTree = "<group>"; };
		A3FBB2F21C4451C500F4D915 /* NameViewController.h */ = {isa = PBXFileReference; fileEncoding = 4; lastKnownFileType = sourcecode.c.h; path = NameViewController.h; sourceTree = "<group>"; };
		A3FBB2F31C4451C500F4D915 /* NameViewController.m */ = {isa = PBXFileReference; fileEncoding = 4; lastKnownFileType = sourcecode.c.objc; path = NameViewController.m; sourceTree = "<group>"; };
		A3FBB2F51C4454F700F4D915 /* EnterAdjectiveViewController.h */ = {isa = PBXFileReference; fileEncoding = 4; lastKnownFileType = sourcecode.c.h; path = EnterAdjectiveViewController.h; sourceTree = "<group>"; };
		A3FBB2F61C4454F700F4D915 /* EnterAdjectiveViewController.m */ = {isa = PBXFileReference; fileEncoding = 4; lastKnownFileType = sourcecode.c.objc; path = EnterAdjectiveViewController.m; sourceTree = "<group>"; };
		A3FBB2F81C4457AD00F4D915 /* ResultsViewController.h */ = {isa = PBXFileReference; fileEncoding = 4; lastKnownFileType = sourcecode.c.h; path = ResultsViewController.h; sourceTree = "<group>"; };
		A3FBB2F91C4457AD00F4D915 /* ResultsViewController.m */ = {isa = PBXFileReference; fileEncoding = 4; lastKnownFileType = sourcecode.c.objc; path = ResultsViewController.m; sourceTree = "<group>"; };
		DF11E0501C44966200417298 /* VerbViewController.h */ = {isa = PBXFileReference; fileEncoding = 4; lastKnownFileType = sourcecode.c.h; path = VerbViewController.h; sourceTree = "<group>"; };
		DF11E0511C44966200417298 /* VerbViewController.m */ = {isa = PBXFileReference; fileEncoding = 4; lastKnownFileType = sourcecode.c.objc; path = VerbViewController.m; sourceTree = "<group>"; };
		DF11E0531C44969500417298 /* AdverbViewController.h */ = {isa = PBXFileReference; fileEncoding = 4; lastKnownFileType = sourcecode.c.h; path = AdverbViewController.h; sourceTree = "<group>"; };
		DF11E0541C44969500417298 /* AdverbViewController.m */ = {isa = PBXFileReference; fileEncoding = 4; lastKnownFileType = sourcecode.c.objc; path = AdverbViewController.m; sourceTree = "<group>"; };
/* End PBXFileReference section */

/* Begin PBXFrameworksBuildPhase section */
		A3FBB2D51C4450DD00F4D915 /* Frameworks */ = {
			isa = PBXFrameworksBuildPhase;
			buildActionMask = 2147483647;
			files = (
			);
			runOnlyForDeploymentPostprocessing = 0;
		};
/* End PBXFrameworksBuildPhase section */

/* Begin PBXGroup section */
		A3FBB2CF1C4450DD00F4D915 = {
			isa = PBXGroup;
			children = (
				A3FBB2DA1C4450DD00F4D915 /* MadLibsApp */,
				A3FBB2D91C4450DD00F4D915 /* Products */,
			);
			sourceTree = "<group>";
		};
		A3FBB2D91C4450DD00F4D915 /* Products */ = {
			isa = PBXGroup;
			children = (
				A3FBB2D81C4450DD00F4D915 /* MadLibsApp.app */,
			);
			name = Products;
			sourceTree = "<group>";
		};
		A3FBB2DA1C4450DD00F4D915 /* MadLibsApp */ = {
			isa = PBXGroup;
			children = (
				A3FBB2E11C4450DD00F4D915 /* ViewController.h */,
				A3FBB2E21C4450DD00F4D915 /* ViewController.m */,
				A3FBB2F21C4451C500F4D915 /* NameViewController.h */,
				A3FBB2F31C4451C500F4D915 /* NameViewController.m */,
				A3FBB2F51C4454F700F4D915 /* EnterAdjectiveViewController.h */,
				A3FBB2F61C4454F700F4D915 /* EnterAdjectiveViewController.m */,
				DF11E0501C44966200417298 /* VerbViewController.h */,
				DF11E0511C44966200417298 /* VerbViewController.m */,
				DF11E0531C44969500417298 /* AdverbViewController.h */,
				DF11E0541C44969500417298 /* AdverbViewController.m */,
				A3FBB2F81C4457AD00F4D915 /* ResultsViewController.h */,
				A3FBB2F91C4457AD00F4D915 /* ResultsViewController.m */,
				A3FBB2E41C4450DD00F4D915 /* Main.storyboard */,
				A3FBB2DE1C4450DD00F4D915 /* AppDelegate.h */,
				A3FBB2DF1C4450DD00F4D915 /* AppDelegate.m */,
				A3FBB2E71C4450DD00F4D915 /* Assets.xcassets */,
				A3FBB2E91C4450DD00F4D915 /* LaunchScreen.storyboard */,
				A3FBB2EC1C4450DD00F4D915 /* Info.plist */,
				A3FBB2DB1C4450DD00F4D915 /* Supporting Files */,
			);
			path = MadLibsApp;
			sourceTree = "<group>";
		};
		A3FBB2DB1C4450DD00F4D915 /* Supporting Files */ = {
			isa = PBXGroup;
			children = (
				A3FBB2DC1C4450DD00F4D915 /* main.m */,
			);
			name = "Supporting Files";
			sourceTree = "<group>";
		};
/* End PBXGroup section */

/* Begin PBXNativeTarget section */
		A3FBB2D71C4450DD00F4D915 /* MadLibsApp */ = {
			isa = PBXNativeTarget;
			buildConfigurationList = A3FBB2EF1C4450DD00F4D915 /* Build configuration list for PBXNativeTarget "MadLibsApp" */;
			buildPhases = (
				A3FBB2D41C4450DD00F4D915 /* Sources */,
				A3FBB2D51C4450DD00F4D915 /* Frameworks */,
				A3FBB2D61C4450DD00F4D915 /* Resources */,
			);
			buildRules = (
			);
			dependencies = (
			);
			name = MadLibsApp;
			productName = MadLibsApp;
			productReference = A3FBB2D81C4450DD00F4D915 /* MadLibsApp.app */;
			productType = "com.apple.product-type.application";
		};
/* End PBXNativeTarget section */

/* Begin PBXProject section */
		A3FBB2D01C4450DD00F4D915 /* Project object */ = {
			isa = PBXProject;
			attributes = {
				LastUpgradeCheck = 0720;
				ORGANIZATIONNAME = "Richard Martin";
				TargetAttributes = {
					A3FBB2D71C4450DD00F4D915 = {
						CreatedOnToolsVersion = 7.2;
					};
				};
			};
			buildConfigurationList = A3FBB2D31C4450DD00F4D915 /* Build configuration list for PBXProject "MadLibsApp" */;
			compatibilityVersion = "Xcode 3.2";
			developmentRegion = English;
			hasScannedForEncodings = 0;
			knownRegions = (
				en,
				Base,
			);
			mainGroup = A3FBB2CF1C4450DD00F4D915;
			productRefGroup = A3FBB2D91C4450DD00F4D915 /* Products */;
			projectDirPath = "";
			projectRoot = "";
			targets = (
				A3FBB2D71C4450DD00F4D915 /* MadLibsApp */,
			);
		};
/* End PBXProject section */

/* Begin PBXResourcesBuildPhase section */
		A3FBB2D61C4450DD00F4D915 /* Resources */ = {
			isa = PBXResourcesBuildPhase;
			buildActionMask = 2147483647;
			files = (
				A3FBB2EB1C4450DD00F4D915 /* LaunchScreen.storyboard in Resources */,
				A3FBB2E81C4450DD00F4D915 /* Assets.xcassets in Resources */,
				A3FBB2E61C4450DD00F4D915 /* Main.storyboard in Resources */,
			);
			runOnlyForDeploymentPostprocessing = 0;
		};
/* End PBXResourcesBuildPhase section */

/* Begin PBXSourcesBuildPhase section */
		A3FBB2D41C4450DD00F4D915 /* Sources */ = {
			isa = PBXSourcesBuildPhase;
			buildActionMask = 2147483647;
			files = (
				A3FBB2E31C4450DD00F4D915 /* ViewController.m in Sources */,
				A3FBB2E01C4450DD00F4D915 /* AppDelegate.m in Sources */,
				A3FBB2F71C4454F700F4D915 /* EnterAdjectiveViewController.m in Sources */,
				A3FBB2FA1C4457AD00F4D915 /* ResultsViewController.m in Sources */,
				DF11E0551C44969500417298 /* AdverbViewController.m in Sources */,
				A3FBB2DD1C4450DD00F4D915 /* main.m in Sources */,
				A3FBB2F41C4451C500F4D915 /* NameViewController.m in Sources */,
				DF11E0521C44966200417298 /* VerbViewController.m in Sources */,
			);
			runOnlyForDeploymentPostprocessing = 0;
		};
/* End PBXSourcesBuildPhase section */

/* Begin PBXVariantGroup section */
		A3FBB2E41C4450DD00F4D915 /* Main.storyboard */ = {
			isa = PBXVariantGroup;
			children = (
				A3FBB2E51C4450DD00F4D915 /* Base */,
			);
			name = Main.storyboard;
			sourceTree = "<group>";
		};
		A3FBB2E91C4450DD00F4D915 /* LaunchScreen.storyboard */ = {
			isa = PBXVariantGroup;
			children = (
				A3FBB2EA1C4450DD00F4D915 /* Base */,
			);
			name = LaunchScreen.storyboard;
			sourceTree = "<group>";
		};
/* End PBXVariantGroup section */

/* Begin XCBuildConfiguration section */
		A3FBB2ED1C4450DD00F4D915 /* Debug */ = {
			isa = XCBuildConfiguration;
			buildSettings = {
				ALWAYS_SEARCH_USER_PATHS = NO;
				CLANG_CXX_LANGUAGE_STANDARD = "gnu++0x";
				CLANG_CXX_LIBRARY = "libc++";
				CLANG_ENABLE_MODULES = YES;
				CLANG_ENABLE_OBJC_ARC = YES;
				CLANG_WARN_BOOL_CONVERSION = YES;
				CLANG_WARN_CONSTANT_CONVERSION = YES;
				CLANG_WARN_DIRECT_OBJC_ISA_USAGE = YES_ERROR;
				CLANG_WARN_EMPTY_BODY = YES;
				CLANG_WARN_ENUM_CONVERSION = YES;
				CLANG_WARN_INT_CONVERSION = YES;
				CLANG_WARN_OBJC_ROOT_CLASS = YES_ERROR;
				CLANG_WARN_UNREACHABLE_CODE = YES;
				CLANG_WARN__DUPLICATE_METHOD_MATCH = YES;
				"CODE_SIGN_IDENTITY[sdk=iphoneos*]" = "iPhone Developer";
				COPY_PHASE_STRIP = NO;
				DEBUG_INFORMATION_FORMAT = dwarf;
				ENABLE_STRICT_OBJC_MSGSEND = YES;
				ENABLE_TESTABILITY = YES;
				GCC_C_LANGUAGE_STANDARD = gnu99;
				GCC_DYNAMIC_NO_PIC = NO;
				GCC_NO_COMMON_BLOCKS = YES;
				GCC_OPTIMIZATION_LEVEL = 0;
				GCC_PREPROCESSOR_DEFINITIONS = (
					"DEBUG=1",
					"$(inherited)",
				);
				GCC_WARN_64_TO_32_BIT_CONVERSION = YES;
				GCC_WARN_ABOUT_RETURN_TYPE = YES_ERROR;
				GCC_WARN_UNDECLARED_SELECTOR = YES;
				GCC_WARN_UNINITIALIZED_AUTOS = YES_AGGRESSIVE;
				GCC_WARN_UNUSED_FUNCTION = YES;
				GCC_WARN_UNUSED_VARIABLE = YES;
				IPHONEOS_DEPLOYMENT_TARGET = 9.2;
				MTL_ENABLE_DEBUG_INFO = YES;
				ONLY_ACTIVE_ARCH = YES;
				SDKROOT = iphoneos;
			};
			name = Debug;
		};
		A3FBB2EE1C4450DD00F4D915 /* Release */ = {
			isa = XCBuildConfiguration;
			buildSettings = {
				ALWAYS_SEARCH_USER_PATHS = NO;
				CLANG_CXX_LANGUAGE_STANDARD = "gnu++0x";
				CLANG_CXX_LIBRARY = "libc++";
				CLANG_ENABLE_MODULES = YES;
				CLANG_ENABLE_OBJC_ARC = YES;
				CLANG_WARN_BOOL_CONVERSION = YES;
				CLANG_WARN_CONSTANT_CONVERSION = YES;
				CLANG_WARN_DIRECT_OBJC_ISA_USAGE = YES_ERROR;
				CLANG_WARN_EMPTY_BODY = YES;
				CLANG_WARN_ENUM_CONVERSION = YES;
				CLANG_WARN_INT_CONVERSION = YES;
				CLANG_WARN_OBJC_ROOT_CLASS = YES_ERROR;
				CLANG_WARN_UNREACHABLE_CODE = YES;
				CLANG_WARN__DUPLICATE_METHOD_MATCH = YES;
				"CODE_SIGN_IDENTITY[sdk=iphoneos*]" = "iPhone Developer";
				COPY_PHASE_STRIP = NO;
				DEBUG_INFORMATION_FORMAT = "dwarf-with-dsym";
				ENABLE_NS_ASSERTIONS = NO;
				ENABLE_STRICT_OBJC_MSGSEND = YES;
				GCC_C_LANGUAGE_STANDARD = gnu99;
				GCC_NO_COMMON_BLOCKS = YES;
				GCC_WARN_64_TO_32_BIT_CONVERSION = YES;
				GCC_WARN_ABOUT_RETURN_TYPE = YES_ERROR;
				GCC_WARN_UNDECLARED_SELECTOR = YES;
				GCC_WARN_UNINITIALIZED_AUTOS = YES_AGGRESSIVE;
				GCC_WARN_UNUSED_FUNCTION = YES;
				GCC_WARN_UNUSED_VARIABLE = YES;
				IPHONEOS_DEPLOYMENT_TARGET = 9.2;
				MTL_ENABLE_DEBUG_INFO = NO;
				SDKROOT = iphoneos;
				VALIDATE_PRODUCT = YES;
			};
			name = Release;
		};
		A3FBB2F01C4450DD00F4D915 /* Debug */ = {
			isa = XCBuildConfiguration;
			buildSettings = {
				ASSETCATALOG_COMPILER_APPICON_NAME = AppIcon;
				INFOPLIST_FILE = MadLibsApp/Info.plist;
				LD_RUNPATH_SEARCH_PATHS = "$(inherited) @executable_path/Frameworks";
				PRODUCT_BUNDLE_IDENTIFIER = me.richardgmartin.MadLibsApp;
				PRODUCT_NAME = "$(TARGET_NAME)";
			};
			name = Debug;
		};
		A3FBB2F11C4450DD00F4D915 /* Release */ = {
			isa = XCBuildConfiguration;
			buildSettings = {
				ASSETCATALOG_COMPILER_APPICON_NAME = AppIcon;
				INFOPLIST_FILE = MadLibsApp/Info.plist;
				LD_RUNPATH_SEARCH_PATHS = "$(inherited) @executable_path/Frameworks";
				PRODUCT_BUNDLE_IDENTIFIER = me.richardgmartin.MadLibsApp;
				PRODUCT_NAME = "$(TARGET_NAME)";
			};
			name = Release;
		};
/* End XCBuildConfiguration section */

/* Begin XCConfigurationList section */
		A3FBB2D31C4450DD00F4D915 /* Build configuration list for PBXProject "MadLibsApp" */ = {
			isa = XCConfigurationList;
			buildConfigurations = (
				A3FBB2ED1C4450DD00F4D915 /* Debug */,
				A3FBB2EE1C4450DD00F4D915 /* Release */,
			);
			defaultConfigurationIsVisible = 0;
			defaultConfigurationName = Release;
		};
		A3FBB2EF1C4450DD00F4D915 /* Build configuration list for PBXNativeTarget "MadLibsApp" */ = {
			isa = XCConfigurationList;
			buildConfigurations = (
				A3FBB2F01C4450DD00F4D915 /* Debug */,
				A3FBB2F11C4450DD00F4D915 /* Release */,
			);
			defaultConfigurationIsVisible = 0;
			defaultConfigurationName = Release;
		};
/* End XCConfigurationList section */
	};
	rootObject = A3FBB2D01C4450DD00F4D915 /* Project object */;
}
